
Microsoft Visual Studio Solution File, Format Version 12.00
# Visual Studio Version 17
VisualStudioVersion = 17.5.002.0
MinimumVisualStudioVersion = 10.0.40219.1
Project("{9A19103F-16F7-4668-BE54-9A1E7A4F7556}") = "Common", "Common\Common.csproj", "{49669F5E-EF75-4DB6-BE87-AE02692A99EB}"
EndProject
Project("{9A19103F-16F7-4668-BE54-9A1E7A4F7556}") = "CodeChallenges", "Source\CodeChallenges.csproj", "{9675BBCE-E8D7-4300-9097-87F29B9BFB75}"
EndProject
Project("{9A19103F-16F7-4668-BE54-9A1E7A4F7556}") = "Tests", "Tests\Tests.csproj", "{45A474CB-70A4-4C40-AFA4-8C4DA9E94699}"
EndProject
Global
	GlobalSection(SolutionConfigurationPlatforms) = preSolution
		Debug|Any CPU = Debug|Any CPU
		Release|Any CPU = Release|Any CPU
	EndGlobalSection
	GlobalSection(ProjectConfigurationPlatforms) = postSolution
		{49669F5E-EF75-4DB6-BE87-AE02692A99EB}.Debug|Any CPU.ActiveCfg = Debug|Any CPU
		{49669F5E-EF75-4DB6-BE87-AE02692A99EB}.Debug|Any CPU.Build.0 = Debug|Any CPU
		{49669F5E-EF75-4DB6-BE87-AE02692A99EB}.Release|Any CPU.ActiveCfg = Release|Any CPU
		{49669F5E-EF75-4DB6-BE87-AE02692A99EB}.Release|Any CPU.Build.0 = Release|Any CPU
		{9675BBCE-E8D7-4300-9097-87F29B9BFB75}.Debug|Any CPU.ActiveCfg = Debug|Any CPU
		{9675BBCE-E8D7-4300-9097-87F29B9BFB75}.Debug|Any CPU.Build.0 = Debug|Any CPU
		{9675BBCE-E8D7-4300-9097-87F29B9BFB75}.Release|Any CPU.ActiveCfg = Release|Any CPU
		{9675BBCE-E8D7-4300-9097-87F29B9BFB75}.Release|Any CPU.Build.0 = Release|Any CPU
		{45A474CB-70A4-4C40-AFA4-8C4DA9E94699}.Debug|Any CPU.ActiveCfg = Debug|Any CPU
		{45A474CB-70A4-4C40-AFA4-8C4DA9E94699}.Debug|Any CPU.Build.0 = Debug|Any CPU
		{45A474CB-70A4-4C40-AFA4-8C4DA9E94699}.Release|Any CPU.ActiveCfg = Release|Any CPU
		{45A474CB-70A4-4C40-AFA4-8C4DA9E94699}.Release|Any CPU.Build.0 = Release|Any CPU
	EndGlobalSection
	GlobalSection(SolutionProperties) = preSolution
		HideSolutionNode = FALSE
	EndGlobalSection
	GlobalSection(ExtensibilityGlobals) = postSolution
		SolutionGuid = {EAEF7843-3E28-49CA-BD1B-1B4AA84358A1}
	EndGlobalSection
EndGlobal
